
Microsoft Visual Studio Solution File, Format Version 12.00
# Visual Studio Version 16
VisualStudioVersion = 16.0.29123.88
MinimumVisualStudioVersion = 10.0.40219.1
Project("{FAE04EC0-301F-11D3-BF4B-00C04F79EFBC}") = "AccCount", "AccCount.csproj", "{79BE05F1-7FE4-4E51-BD54-3183F13CD69E}"
EndProject
Global
	GlobalSection(SolutionConfigurationPlatforms) = preSolution
		Debug|Any CPU = Debug|Any CPU
		Release|Any CPU = Release|Any CPU
	EndGlobalSection
	GlobalSection(ProjectConfigurationPlatforms) = postSolution
		{79BE05F1-7FE4-4E51-BD54-3183F13CD69E}.Debug|Any CPU.ActiveCfg = Debug|Any CPU
		{79BE05F1-7FE4-4E51-BD54-3183F13CD69E}.Debug|Any CPU.Build.0 = Debug|Any CPU
		{79BE05F1-7FE4-4E51-BD54-3183F13CD69E}.Release|Any CPU.ActiveCfg = Release|Any CPU
		{79BE05F1-7FE4-4E51-BD54-3183F13CD69E}.Release|Any CPU.Build.0 = Release|Any CPU
	EndGlobalSection
	GlobalSection(SolutionProperties) = preSolution
		HideSolutionNode = FALSE
	EndGlobalSection
	GlobalSection(ExtensibilityGlobals) = postSolution
		SolutionGuid = {7E4205EA-188B-4593-98FC-2CF085FD3ADB}
	EndGlobalSection
EndGlobal
